<?xml version="1.0" encoding="utf-8"?>
<Project ToolsVersion="4.0" xmlns="http://schemas.microsoft.com/developer/msbuild/2003">
  <ItemGroup>
    <ClCompile Include="playerCanPut.cpp">
      <Filter>player</Filter>
    </ClCompile>
    <ClCompile Include="playerPutProc.cpp">
      <Filter>player</Filter>
    </ClCompile>
    <ClCompile Include="easyValue.cpp">
      <Filter>cpu</Filter>
    </ClCompile>
    <ClCompile Include="findBestMove.cpp">
      <Filter>cpu</Filter>
    </ClCompile>
    <ClCompile Include="WinMain.cpp">
      <Filter>main</Filter>
    </ClCompile>
    <ClCompile Include="PvC.cpp">
      <Filter>main</Filter>
    </ClCompile>
    <ClCompile Include="PvP.cpp">
      <Filter>main</Filter>
    </ClCompile>
    <ClCompile Include="fill.cpp">
      <Filter>tools</Filter>
    </ClCompile>
    <ClCompile Include="isDone.cpp">
      <Filter>tools</Filter>
    </ClCompile>
    <ClCompile Include="makeFigure.cpp">
      <Filter>tools</Filter>
    </ClCompile>
    <ClCompile Include="showFinishedStatus.cpp">
      <Filter>tools</Filter>
    </ClCompile>
    <ClCompile Include="showWinner.cpp">
      <Filter>tools</Filter>
    </ClCompile>
    <ClCompile Include="search.cpp">
      <Filter>cpu</Filter>
    </ClCompile>
    <ClCompile Include="isReach.cpp">
      <Filter>tools</Filter>
    </ClCompile>
    <ClCompile Include="isDraw.cpp">
      <Filter>tools</Filter>
    </ClCompile>
    <ClCompile Include="cpuPutProc.cpp">
      <Filter>cpu</Filter>
    </ClCompile>
    <ClCompile Include="normalValue.cpp">
      <Filter>cpu</Filter>
    </ClCompile>
    <ClCompile Include="showTitle.cpp">
      <Filter>title</Filter>
    </ClCompile>
    <ClCompile Include="difficultValue.cpp">
      <Filter>cpu</Filter>
    </ClCompile>
    <ClCompile Include="getBingoLine.cpp">
      <Filter>tools</Filter>
    </ClCompile>
    <ClCompile Include="showBingoLine.cpp">
      <Filter>tools</Filter>
    </ClCompile>
    <ClCompile Include="evaluation.cpp">
      <Filter>cpu</Filter>
    </ClCompile>
    <ClCompile Include="temp.cpp">
      <Filter>cpu</Filter>
    </ClCompile>
  </ItemGroup>
  <ItemGroup>
    <Filter Include="player">
      <UniqueIdentifier>{3debdad1-86c8-4d04-971f-3015443e678e}</UniqueIdentifier>
    </Filter>
    <Filter Include="cpu">
      <UniqueIdentifier>{1deaee74-c9da-4039-8d81-4621a90d3e8e}</UniqueIdentifier>
    </Filter>
    <Filter Include="main">
      <UniqueIdentifier>{a1fd615b-9c75-4077-8c81-bd3357afabeb}</UniqueIdentifier>
    </Filter>
    <Filter Include="tools">
      <UniqueIdentifier>{32c1fa5d-6658-440b-aec9-c2bde20281f0}</UniqueIdentifier>
    </Filter>
    <Filter Include="title">
      <UniqueIdentifier>{b76ae049-35ef-4a35-9ebd-6c7b831e1f8f}</UniqueIdentifier>
    </Filter>
  </ItemGroup>
  <ItemGroup>
    <ClInclude Include="define.h">
      <Filter>main</Filter>
    </ClInclude>
  </ItemGroup>
</Project>